
Microsoft Visual Studio Solution File, Format Version 12.00
# Visual Studio Version 17
VisualStudioVersion = 17.0.31912.275
MinimumVisualStudioVersion = 10.0.40219.1
Project("{9A19103F-16F7-4668-BE54-9A1E7A4F7556}") = "AzureEventGrid", "AzureEventGrid\AzureEventGrid.csproj", "{8797BA0C-47C6-46A0-9E2D-2E2700F6FBAE}"
EndProject
Project("{9A19103F-16F7-4668-BE54-9A1E7A4F7556}") = "AzureAD", "AzureAD\AzureAD.csproj", "{7D39F3DD-2650-40B2-8408-7A9A2A1D7811}"
EndProject
Project("{9A19103F-16F7-4668-BE54-9A1E7A4F7556}") = "AzureStorageBlobblock", "Blob\BlockBlob\ConsoleApp1\AzureStorageBlobblock.csproj", "{48A78FDC-5359-4300-B27C-FCB40D1E120F}"
EndProject
Project("{9A19103F-16F7-4668-BE54-9A1E7A4F7556}") = "AzureCosmosDb", "CosmosDb\CosmosDb\CosmosDb\AzureCosmosDb.csproj", "{B0AE86D9-71E3-4F66-B93A-10082F1BBB52}"
EndProject
Project("{9A19103F-16F7-4668-BE54-9A1E7A4F7556}") = "AzureWebKeyVault", "WebKeyVault\AzureWebKeyVault.csproj", "{516FE457-A765-4AAF-AA64-56F995F3221C}"
EndProject
Project("{9A19103F-16F7-4668-BE54-9A1E7A4F7556}") = "FunctionApp2", "FunctionApp1\FunctionApp1\FunctionApp2.csproj", "{EFDC5FCF-44EA-4FCD-8C8A-6E56D2D21E3D}"
EndProject
Project("{9A19103F-16F7-4668-BE54-9A1E7A4F7556}") = "AzureEventHubreceiver", "EventHubreceiver-20220225T140617Z-001\EventHubreceiver\AzureEventHubreceiver.csproj", "{B81BAAA4-B570-478B-8F29-F3E1AA99E621}"
EndProject
Project("{9A19103F-16F7-4668-BE54-9A1E7A4F7556}") = "AzureEventHubSender", "EventHubSender-20220225T140620Z-001\EventHubSender\AzureEventHubSender.csproj", "{82A4A0B7-4730-4CB1-B6DB-65119CAAECFE}"
EndProject
Project("{9A19103F-16F7-4668-BE54-9A1E7A4F7556}") = "AzureServiceBusMessagePublisher", "ServiceBusMessagePublisher\MessagePublisher\AzureServiceBusMessagePublisher.csproj", "{BFA63955-7FDB-401F-AD87-E72003923CCC}"
EndProject
Project("{9A19103F-16F7-4668-BE54-9A1E7A4F7556}") = "AzureSewrviceBusMessageReader", "ServiceBusMessageReader\MessageReader\AzureSewrviceBusMessageReader.csproj", "{232CB55F-B66B-4697-BA99-279F912CEEB0}"
EndProject
Project("{9A19103F-16F7-4668-BE54-9A1E7A4F7556}") = "AzureStorageQueueLab", "StorageQueueLab\StorageQueueLab\AzureStorageQueueLab.csproj", "{73C3B276-041B-459F-BA15-E9E01984572A}"
EndProject
Project("{9A19103F-16F7-4668-BE54-9A1E7A4F7556}") = "AzureQueueInvokeFunctionApp", "AzureQueueFunctionApp\AzureQueueInvokeFunctionApp.csproj", "{7AA2482E-78D7-4B4B-AC74-FAF29F5F3AB0}"
EndProject
Project("{9A19103F-16F7-4668-BE54-9A1E7A4F7556}") = "AppConfiguration", "AppConfiguration\AppConfiguration.csproj", "{4BB025B7-82E4-45DC-9E3D-5235D82D3367}"
EndProject
Project("{9A19103F-16F7-4668-BE54-9A1E7A4F7556}") = "AzureTableStorage", "AzureTableStorage\AzureTableStorage.csproj", "{12A8D9FF-1EAD-4320-806D-DE3741E79F09}"
EndProject
Project("{9A19103F-16F7-4668-BE54-9A1E7A4F7556}") = "azureadwebapp", "azureadwebapp\azureadwebapp.csproj", "{6D3D34EA-4C3D-4D3D-BCA3-02DD146F72B6}"
EndProject
Project("{2150E333-8FDC-42A3-9474-1A3956D46DE8}") = "AzureADProjects", "AzureADProjects", "{4A4A9259-FD63-451D-A0D5-4602DD7115CF}"
EndProject
Project("{2150E333-8FDC-42A3-9474-1A3956D46DE8}") = "AzureCosmosDBProject", "AzureCosmosDBProject", "{1144B909-688C-47CD-8ABF-D9AA392A63F1}"
EndProject
Project("{2150E333-8FDC-42A3-9474-1A3956D46DE8}") = "AzureEventGridProject", "AzureEventGridProject", "{0785BC03-67A1-4281-A315-85413E7FDE1E}"
EndProject
Project("{2150E333-8FDC-42A3-9474-1A3956D46DE8}") = "AzureEventHubsProject", "AzureEventHubsProject", "{4A2DECF2-8C9E-4C21-A010-2B2D0162E9FD}"
EndProject
Project("{2150E333-8FDC-42A3-9474-1A3956D46DE8}") = "AzureFunctionAppProject", "AzureFunctionAppProject", "{1E057F81-546F-4AF2-9DD1-D70429A667B4}"
EndProject
Project("{2150E333-8FDC-42A3-9474-1A3956D46DE8}") = "AzureServiceBusProjects", "AzureServiceBusProjects", "{09A94C99-419E-47CC-BBB7-0EB585BA2C92}"
EndProject
Project("{2150E333-8FDC-42A3-9474-1A3956D46DE8}") = "AzureStorageAccountProject", "AzureStorageAccountProject", "{A1CE6F33-8776-4737-B777-D85E207CED4E}"
EndProject
Project("{FAE04EC0-301F-11D3-BF4B-00C04F79EFBC}") = "KeyValutBlobFa", "KeyValutBlobFa\KeyValutBlobFa.csproj", "{5C9A36A9-4C5E-4D79-A0F7-26E519838916}"
EndProject
Global
	GlobalSection(SolutionConfigurationPlatforms) = preSolution
		Debug|Any CPU = Debug|Any CPU
		Release|Any CPU = Release|Any CPU
	EndGlobalSection
	GlobalSection(ProjectConfigurationPlatforms) = postSolution
		{8797BA0C-47C6-46A0-9E2D-2E2700F6FBAE}.Debug|Any CPU.ActiveCfg = Debug|Any CPU
		{8797BA0C-47C6-46A0-9E2D-2E2700F6FBAE}.Debug|Any CPU.Build.0 = Debug|Any CPU
		{8797BA0C-47C6-46A0-9E2D-2E2700F6FBAE}.Release|Any CPU.ActiveCfg = Release|Any CPU
		{8797BA0C-47C6-46A0-9E2D-2E2700F6FBAE}.Release|Any CPU.Build.0 = Release|Any CPU
		{7D39F3DD-2650-40B2-8408-7A9A2A1D7811}.Debug|Any CPU.ActiveCfg = Debug|Any CPU
		{7D39F3DD-2650-40B2-8408-7A9A2A1D7811}.Debug|Any CPU.Build.0 = Debug|Any CPU
		{7D39F3DD-2650-40B2-8408-7A9A2A1D7811}.Release|Any CPU.ActiveCfg = Release|Any CPU
		{7D39F3DD-2650-40B2-8408-7A9A2A1D7811}.Release|Any CPU.Build.0 = Release|Any CPU
		{48A78FDC-5359-4300-B27C-FCB40D1E120F}.Debug|Any CPU.ActiveCfg = Debug|Any CPU
		{48A78FDC-5359-4300-B27C-FCB40D1E120F}.Debug|Any CPU.Build.0 = Debug|Any CPU
		{48A78FDC-5359-4300-B27C-FCB40D1E120F}.Release|Any CPU.ActiveCfg = Release|Any CPU
		{48A78FDC-5359-4300-B27C-FCB40D1E120F}.Release|Any CPU.Build.0 = Release|Any CPU
		{B0AE86D9-71E3-4F66-B93A-10082F1BBB52}.Debug|Any CPU.ActiveCfg = Debug|Any CPU
		{B0AE86D9-71E3-4F66-B93A-10082F1BBB52}.Debug|Any CPU.Build.0 = Debug|Any CPU
		{B0AE86D9-71E3-4F66-B93A-10082F1BBB52}.Release|Any CPU.ActiveCfg = Release|Any CPU
		{B0AE86D9-71E3-4F66-B93A-10082F1BBB52}.Release|Any CPU.Build.0 = Release|Any CPU
		{516FE457-A765-4AAF-AA64-56F995F3221C}.Debug|Any CPU.ActiveCfg = Debug|Any CPU
		{516FE457-A765-4AAF-AA64-56F995F3221C}.Debug|Any CPU.Build.0 = Debug|Any CPU
		{516FE457-A765-4AAF-AA64-56F995F3221C}.Release|Any CPU.ActiveCfg = Release|Any CPU
		{516FE457-A765-4AAF-AA64-56F995F3221C}.Release|Any CPU.Build.0 = Release|Any CPU
		{EFDC5FCF-44EA-4FCD-8C8A-6E56D2D21E3D}.Debug|Any CPU.ActiveCfg = Debug|Any CPU
		{EFDC5FCF-44EA-4FCD-8C8A-6E56D2D21E3D}.Debug|Any CPU.Build.0 = Debug|Any CPU
		{EFDC5FCF-44EA-4FCD-8C8A-6E56D2D21E3D}.Release|Any CPU.ActiveCfg = Release|Any CPU
		{EFDC5FCF-44EA-4FCD-8C8A-6E56D2D21E3D}.Release|Any CPU.Build.0 = Release|Any CPU
		{B81BAAA4-B570-478B-8F29-F3E1AA99E621}.Debug|Any CPU.ActiveCfg = Debug|Any CPU
		{B81BAAA4-B570-478B-8F29-F3E1AA99E621}.Debug|Any CPU.Build.0 = Debug|Any CPU
		{B81BAAA4-B570-478B-8F29-F3E1AA99E621}.Release|Any CPU.ActiveCfg = Release|Any CPU
		{B81BAAA4-B570-478B-8F29-F3E1AA99E621}.Release|Any CPU.Build.0 = Release|Any CPU
		{82A4A0B7-4730-4CB1-B6DB-65119CAAECFE}.Debug|Any CPU.ActiveCfg = Debug|Any CPU
		{82A4A0B7-4730-4CB1-B6DB-65119CAAECFE}.Debug|Any CPU.Build.0 = Debug|Any CPU
		{82A4A0B7-4730-4CB1-B6DB-65119CAAECFE}.Release|Any CPU.ActiveCfg = Release|Any CPU
		{82A4A0B7-4730-4CB1-B6DB-65119CAAECFE}.Release|Any CPU.Build.0 = Release|Any CPU
		{BFA63955-7FDB-401F-AD87-E72003923CCC}.Debug|Any CPU.ActiveCfg = Debug|Any CPU
		{BFA63955-7FDB-401F-AD87-E72003923CCC}.Debug|Any CPU.Build.0 = Debug|Any CPU
		{BFA63955-7FDB-401F-AD87-E72003923CCC}.Release|Any CPU.ActiveCfg = Release|Any CPU
		{BFA63955-7FDB-401F-AD87-E72003923CCC}.Release|Any CPU.Build.0 = Release|Any CPU
		{232CB55F-B66B-4697-BA99-279F912CEEB0}.Debug|Any CPU.ActiveCfg = Debug|Any CPU
		{232CB55F-B66B-4697-BA99-279F912CEEB0}.Debug|Any CPU.Build.0 = Debug|Any CPU
		{232CB55F-B66B-4697-BA99-279F912CEEB0}.Release|Any CPU.ActiveCfg = Release|Any CPU
		{232CB55F-B66B-4697-BA99-279F912CEEB0}.Release|Any CPU.Build.0 = Release|Any CPU
		{73C3B276-041B-459F-BA15-E9E01984572A}.Debug|Any CPU.ActiveCfg = Debug|Any CPU
		{73C3B276-041B-459F-BA15-E9E01984572A}.Debug|Any CPU.Build.0 = Debug|Any CPU
		{73C3B276-041B-459F-BA15-E9E01984572A}.Release|Any CPU.ActiveCfg = Release|Any CPU
		{73C3B276-041B-459F-BA15-E9E01984572A}.Release|Any CPU.Build.0 = Release|Any CPU
		{7AA2482E-78D7-4B4B-AC74-FAF29F5F3AB0}.Debug|Any CPU.ActiveCfg = Debug|Any CPU
		{7AA2482E-78D7-4B4B-AC74-FAF29F5F3AB0}.Debug|Any CPU.Build.0 = Debug|Any CPU
		{7AA2482E-78D7-4B4B-AC74-FAF29F5F3AB0}.Release|Any CPU.ActiveCfg = Release|Any CPU
		{7AA2482E-78D7-4B4B-AC74-FAF29F5F3AB0}.Release|Any CPU.Build.0 = Release|Any CPU
		{4BB025B7-82E4-45DC-9E3D-5235D82D3367}.Debug|Any CPU.ActiveCfg = Debug|Any CPU
		{4BB025B7-82E4-45DC-9E3D-5235D82D3367}.Debug|Any CPU.Build.0 = Debug|Any CPU
		{4BB025B7-82E4-45DC-9E3D-5235D82D3367}.Release|Any CPU.ActiveCfg = Release|Any CPU
		{4BB025B7-82E4-45DC-9E3D-5235D82D3367}.Release|Any CPU.Build.0 = Release|Any CPU
		{12A8D9FF-1EAD-4320-806D-DE3741E79F09}.Debug|Any CPU.ActiveCfg = Debug|Any CPU
		{12A8D9FF-1EAD-4320-806D-DE3741E79F09}.Debug|Any CPU.Build.0 = Debug|Any CPU
		{12A8D9FF-1EAD-4320-806D-DE3741E79F09}.Release|Any CPU.ActiveCfg = Release|Any CPU
		{12A8D9FF-1EAD-4320-806D-DE3741E79F09}.Release|Any CPU.Build.0 = Release|Any CPU
		{6D3D34EA-4C3D-4D3D-BCA3-02DD146F72B6}.Debug|Any CPU.ActiveCfg = Debug|Any CPU
		{6D3D34EA-4C3D-4D3D-BCA3-02DD146F72B6}.Debug|Any CPU.Build.0 = Debug|Any CPU
		{6D3D34EA-4C3D-4D3D-BCA3-02DD146F72B6}.Release|Any CPU.ActiveCfg = Release|Any CPU
		{6D3D34EA-4C3D-4D3D-BCA3-02DD146F72B6}.Release|Any CPU.Build.0 = Release|Any CPU
		{5C9A36A9-4C5E-4D79-A0F7-26E519838916}.Debug|Any CPU.ActiveCfg = Debug|Any CPU
		{5C9A36A9-4C5E-4D79-A0F7-26E519838916}.Debug|Any CPU.Build.0 = Debug|Any CPU
		{5C9A36A9-4C5E-4D79-A0F7-26E519838916}.Release|Any CPU.ActiveCfg = Release|Any CPU
		{5C9A36A9-4C5E-4D79-A0F7-26E519838916}.Release|Any CPU.Build.0 = Release|Any CPU
	EndGlobalSection
	GlobalSection(SolutionProperties) = preSolution
		HideSolutionNode = FALSE
	EndGlobalSection
	GlobalSection(NestedProjects) = preSolution
		{8797BA0C-47C6-46A0-9E2D-2E2700F6FBAE} = {0785BC03-67A1-4281-A315-85413E7FDE1E}
		{7D39F3DD-2650-40B2-8408-7A9A2A1D7811} = {4A4A9259-FD63-451D-A0D5-4602DD7115CF}
		{48A78FDC-5359-4300-B27C-FCB40D1E120F} = {A1CE6F33-8776-4737-B777-D85E207CED4E}
		{B0AE86D9-71E3-4F66-B93A-10082F1BBB52} = {1144B909-688C-47CD-8ABF-D9AA392A63F1}
		{516FE457-A765-4AAF-AA64-56F995F3221C} = {4A4A9259-FD63-451D-A0D5-4602DD7115CF}
		{EFDC5FCF-44EA-4FCD-8C8A-6E56D2D21E3D} = {1E057F81-546F-4AF2-9DD1-D70429A667B4}
		{B81BAAA4-B570-478B-8F29-F3E1AA99E621} = {4A2DECF2-8C9E-4C21-A010-2B2D0162E9FD}
		{82A4A0B7-4730-4CB1-B6DB-65119CAAECFE} = {4A2DECF2-8C9E-4C21-A010-2B2D0162E9FD}
		{BFA63955-7FDB-401F-AD87-E72003923CCC} = {09A94C99-419E-47CC-BBB7-0EB585BA2C92}
		{232CB55F-B66B-4697-BA99-279F912CEEB0} = {09A94C99-419E-47CC-BBB7-0EB585BA2C92}
		{73C3B276-041B-459F-BA15-E9E01984572A} = {A1CE6F33-8776-4737-B777-D85E207CED4E}
		{7AA2482E-78D7-4B4B-AC74-FAF29F5F3AB0} = {1E057F81-546F-4AF2-9DD1-D70429A667B4}
		{4BB025B7-82E4-45DC-9E3D-5235D82D3367} = {4A4A9259-FD63-451D-A0D5-4602DD7115CF}
		{12A8D9FF-1EAD-4320-806D-DE3741E79F09} = {A1CE6F33-8776-4737-B777-D85E207CED4E}
		{6D3D34EA-4C3D-4D3D-BCA3-02DD146F72B6} = {4A4A9259-FD63-451D-A0D5-4602DD7115CF}
		{5C9A36A9-4C5E-4D79-A0F7-26E519838916} = {4A4A9259-FD63-451D-A0D5-4602DD7115CF}
	EndGlobalSection
	GlobalSection(ExtensibilityGlobals) = postSolution
		SolutionGuid = {3EFEC1AC-A0E0-4EB9-B7EC-BC801D7736AC}
	EndGlobalSection
EndGlobal
